
Microsoft Visual Studio Solution File, Format Version 12.00
# Visual Studio 2013
VisualStudioVersion = 12.0.31101.0
MinimumVisualStudioVersion = 10.0.40219.1
Project("{FAE04EC0-301F-11D3-BF4B-00C04F79EFBC}") = "ImgHash.Net", "ImgHash.Net\ImgHash.Net.csproj", "{18520BC2-0506-4689-B854-2805D9C65387}"
EndProject
Project("{FAE04EC0-301F-11D3-BF4B-00C04F79EFBC}") = "HashImg", "HashImg\HashImg.csproj", "{1A4CC19A-0108-4863-BCE9-B125CF4886D1}"
EndProject
Project("{FAE04EC0-301F-11D3-BF4B-00C04F79EFBC}") = "ImgDup.Net", "ImgDup.Net\ImgDup.Net.csproj", "{2BBE5080-9661-4E51-B666-3D3E358D5B7F}"
EndProject
Global
	GlobalSection(SolutionConfigurationPlatforms) = preSolution
		Debug|Any CPU = Debug|Any CPU
		Release|Any CPU = Release|Any CPU
	EndGlobalSection
	GlobalSection(ProjectConfigurationPlatforms) = postSolution
		{18520BC2-0506-4689-B854-2805D9C65387}.Debug|Any CPU.ActiveCfg = Debug|Any CPU
		{18520BC2-0506-4689-B854-2805D9C65387}.Debug|Any CPU.Build.0 = Debug|Any CPU
		{18520BC2-0506-4689-B854-2805D9C65387}.Release|Any CPU.ActiveCfg = Release|Any CPU
		{18520BC2-0506-4689-B854-2805D9C65387}.Release|Any CPU.Build.0 = Release|Any CPU
		{1A4CC19A-0108-4863-BCE9-B125CF4886D1}.Debug|Any CPU.ActiveCfg = Debug|Any CPU
		{1A4CC19A-0108-4863-BCE9-B125CF4886D1}.Debug|Any CPU.Build.0 = Debug|Any CPU
		{1A4CC19A-0108-4863-BCE9-B125CF4886D1}.Release|Any CPU.ActiveCfg = Release|Any CPU
		{1A4CC19A-0108-4863-BCE9-B125CF4886D1}.Release|Any CPU.Build.0 = Release|Any CPU
		{2BBE5080-9661-4E51-B666-3D3E358D5B7F}.Debug|Any CPU.ActiveCfg = Debug|Any CPU
		{2BBE5080-9661-4E51-B666-3D3E358D5B7F}.Debug|Any CPU.Build.0 = Debug|Any CPU
		{2BBE5080-9661-4E51-B666-3D3E358D5B7F}.Release|Any CPU.ActiveCfg = Release|Any CPU
		{2BBE5080-9661-4E51-B666-3D3E358D5B7F}.Release|Any CPU.Build.0 = Release|Any CPU
	EndGlobalSection
	GlobalSection(SolutionProperties) = preSolution
		HideSolutionNode = FALSE
	EndGlobalSection
EndGlobal
